
Microsoft Visual Studio Solution File, Format Version 12.00
# Visual Studio Version 16
VisualStudioVersion = 16.0.30413.136
MinimumVisualStudioVersion = 10.0.40219.1
Project("{888888A0-9F3D-457C-B088-3A5042F75D52}") = "PythonApplication7", "PythonApplication7\PythonApplication7.pyproj", "{09B25888-F0FF-4700-A342-386FCBA9FAF7}"
EndProject
Global
	GlobalSection(SolutionConfigurationPlatforms) = preSolution
		Debug|Any CPU = Debug|Any CPU
		Release|Any CPU = Release|Any CPU
	EndGlobalSection
	GlobalSection(ProjectConfigurationPlatforms) = postSolution
		{09B25888-F0FF-4700-A342-386FCBA9FAF7}.Debug|Any CPU.ActiveCfg = Debug|Any CPU
		{09B25888-F0FF-4700-A342-386FCBA9FAF7}.Release|Any CPU.ActiveCfg = Release|Any CPU
	EndGlobalSection
	GlobalSection(SolutionProperties) = preSolution
		HideSolutionNode = FALSE
	EndGlobalSection
	GlobalSection(ExtensibilityGlobals) = postSolution
		SolutionGuid = {0C338033-68FD-439A-A70B-4874D5F2983F}
	EndGlobalSection
EndGlobal
